<?xml version="1.0" encoding="UTF-8" standalone="yes" ?>
<CodeBlocks_project_file>
	<FileVersion major="1" minor="6" />
	<Project>
		<Option title="step-6" />
		<Option makefile_is_custom="1" />
		<Option compiler="gcc" />
		<Option virtualFolders="CMake Files/;CMake Files/../;CMake Files/../../;CMake Files/../../../;CMake Files/../../../../;CMake Files/../../../../../;CMake Files/../../../../../Scaricati/;CMake Files/../../../../../Scaricati/dealii-9.1.1/;CMake Files/../../../../../Scaricati/dealii-9.1.1/build/;CMake Files/../../../../../Scaricati/dealii-9.1.1/build/lib/;CMake Files/../../../../../Scaricati/dealii-9.1.1/build/lib/cmake/;CMake Files/../../../../../Scaricati/dealii-9.1.1/build/lib/cmake/deal.II/;CMake Files/../../../../../Scaricati/dealii-9.1.1/build/share/;CMake Files/../../../../../Scaricati/dealii-9.1.1/build/share/deal.II/;CMake Files/../../../../../Scaricati/dealii-9.1.1/build/share/deal.II/macros/;" />
		<Build>
			<Target title="all">
				<Option output="step-6" prefix_auto="0" extension_auto="0" />
				<Option working_dir="" />
				<Option object_output="/home/giuseppe/bin/P2.3_seed/exercises/lab05_last_year/step-6/.objs" />
				<Option type="1" />
				<Option compiler="gcc" />
				<Option use_console_runner="0" />
				<MakeCommands>
					<Build command='/usr/bin/make -f &quot;/home/giuseppe/bin/P2.3_seed/exercises/lab05_last_year/step-6/Makefile&quot;  VERBOSE=1 all' />
					<CompileFile command='/usr/bin/make -f &quot;/home/giuseppe/bin/P2.3_seed/exercises/lab05_last_year/step-6/Makefile&quot;  VERBOSE=1 &quot;$file&quot;' />
					<Clean command='/usr/bin/make -f &quot;/home/giuseppe/bin/P2.3_seed/exercises/lab05_last_year/step-6/Makefile&quot;  VERBOSE=1 clean' />
					<DistClean command='/usr/bin/make -f &quot;/home/giuseppe/bin/P2.3_seed/exercises/lab05_last_year/step-6/Makefile&quot;  VERBOSE=1 clean' />
					<AskRebuildNeeded command="$make -q -f $makefile $target" />
					<SilentBuild command="$make -f $makefile $target &gt; $(CMD_NULL)" />
				</MakeCommands>
			</Target>
			<Target title="rebuild_cache">
				<Option output="step-6" prefix_auto="0" extension_auto="0" />
				<Option working_dir="" />
				<Option object_output="/home/giuseppe/bin/P2.3_seed/exercises/lab05_last_year/step-6/.objs" />
				<Option type="1" />
				<Option compiler="gcc" />
				<Option use_console_runner="0" />
				<MakeCommands>
					<Build command='/usr/bin/make -f &quot;/home/giuseppe/bin/P2.3_seed/exercises/lab05_last_year/step-6/Makefile&quot;  VERBOSE=1 rebuild_cache' />
					<CompileFile command='/usr/bin/make -f &quot;/home/giuseppe/bin/P2.3_seed/exercises/lab05_last_year/step-6/Makefile&quot;  VERBOSE=1 &quot;$file&quot;' />
					<Clean command='/usr/bin/make -f &quot;/home/giuseppe/bin/P2.3_seed/exercises/lab05_last_year/step-6/Makefile&quot;  VERBOSE=1 clean' />
					<DistClean command='/usr/bin/make -f &quot;/home/giuseppe/bin/P2.3_seed/exercises/lab05_last_year/step-6/Makefile&quot;  VERBOSE=1 clean' />
					<AskRebuildNeeded command="$make -q -f $makefile $target" />
					<SilentBuild command="$make -f $makefile $target &gt; $(CMD_NULL)" />
				</MakeCommands>
			</Target>
			<Target title="info">
				<Option type="4" />
				<Option compiler="gcc" />
				<MakeCommands>
					<Build command='/usr/bin/make -f &quot;/home/giuseppe/bin/P2.3_seed/exercises/lab05_last_year/step-6/Makefile&quot;  VERBOSE=1 info' />
					<CompileFile command='/usr/bin/make -f &quot;/home/giuseppe/bin/P2.3_seed/exercises/lab05_last_year/step-6/Makefile&quot;  VERBOSE=1 &quot;$file&quot;' />
					<Clean command='/usr/bin/make -f &quot;/home/giuseppe/bin/P2.3_seed/exercises/lab05_last_year/step-6/Makefile&quot;  VERBOSE=1 clean' />
					<DistClean command='/usr/bin/make -f &quot;/home/giuseppe/bin/P2.3_seed/exercises/lab05_last_year/step-6/Makefile&quot;  VERBOSE=1 clean' />
					<AskRebuildNeeded command="$make -q -f $makefile $target" />
					<SilentBuild command="$make -f $makefile $target &gt; $(CMD_NULL)" />
				</MakeCommands>
			</Target>
			<Target title="strip_comments">
				<Option type="4" />
				<Option compiler="gcc" />
				<MakeCommands>
					<Build command='/usr/bin/make -f &quot;/home/giuseppe/bin/P2.3_seed/exercises/lab05_last_year/step-6/Makefile&quot;  VERBOSE=1 strip_comments' />
					<CompileFile command='/usr/bin/make -f &quot;/home/giuseppe/bin/P2.3_seed/exercises/lab05_last_year/step-6/Makefile&quot;  VERBOSE=1 &quot;$file&quot;' />
					<Clean command='/usr/bin/make -f &quot;/home/giuseppe/bin/P2.3_seed/exercises/lab05_last_year/step-6/Makefile&quot;  VERBOSE=1 clean' />
					<DistClean command='/usr/bin/make -f &quot;/home/giuseppe/bin/P2.3_seed/exercises/lab05_last_year/step-6/Makefile&quot;  VERBOSE=1 clean' />
					<AskRebuildNeeded command="$make -q -f $makefile $target" />
					<SilentBuild command="$make -f $makefile $target &gt; $(CMD_NULL)" />
				</MakeCommands>
			</Target>
			<Target title="edit_cache">
				<Option type="4" />
				<Option compiler="gcc" />
				<MakeCommands>
					<Build command='/usr/bin/make -f &quot;/home/giuseppe/bin/P2.3_seed/exercises/lab05_last_year/step-6/Makefile&quot;  VERBOSE=1 edit_cache' />
					<CompileFile command='/usr/bin/make -f &quot;/home/giuseppe/bin/P2.3_seed/exercises/lab05_last_year/step-6/Makefile&quot;  VERBOSE=1 &quot;$file&quot;' />
					<Clean command='/usr/bin/make -f &quot;/home/giuseppe/bin/P2.3_seed/exercises/lab05_last_year/step-6/Makefile&quot;  VERBOSE=1 clean' />
					<DistClean command='/usr/bin/make -f &quot;/home/giuseppe/bin/P2.3_seed/exercises/lab05_last_year/step-6/Makefile&quot;  VERBOSE=1 clean' />
					<AskRebuildNeeded command="$make -q -f $makefile $target" />
					<SilentBuild command="$make -f $makefile $target &gt; $(CMD_NULL)" />
				</MakeCommands>
			</Target>
			<Target title="step-6">
				<Option output="/home/giuseppe/bin/P2.3_seed/exercises/lab05_last_year/step-6/step-6" prefix_auto="0" extension_auto="0" />
				<Option working_dir="/home/giuseppe/bin/P2.3_seed/exercises/lab05_last_year/step-6" />
				<Option object_output="./" />
				<Option type="1" />
				<Option compiler="gcc" />
				<Compiler>
					<Add option="-DBOOST_NO_AUTO_PTR" />
					<Add directory="/home/giuseppe/Scaricati/dealii-9.1.1/build/include" />
					<Add directory="/home/giuseppe/Scaricati/dealii-9.1.1/include" />
					<Add directory="/home/giuseppe/Scaricati/dealii-9.1.1/bundled/muparser_v2_2_4/include" />
					<Add directory="/usr/lib/x86_64-linux-gnu/openmpi/include/openmpi" />
					<Add directory="/usr/lib/x86_64-linux-gnu/openmpi/include" />
					<Add directory="/usr/include/trilinos" />
					<Add directory="/usr/include/hdf5/openmpi" />
					<Add directory="/usr/include/scotch" />
					<Add directory="/usr/include/suitesparse" />
					<Add directory="/usr/include/petsc" />
					<Add directory="/home/giuseppe/bin/p4est/FAST/include" />
					<Add directory="/usr/include/slepc" />
				</Compiler>
				<MakeCommands>
					<Build command='/usr/bin/make -f &quot;/home/giuseppe/bin/P2.3_seed/exercises/lab05_last_year/step-6/Makefile&quot;  VERBOSE=1 step-6' />
					<CompileFile command='/usr/bin/make -f &quot;/home/giuseppe/bin/P2.3_seed/exercises/lab05_last_year/step-6/Makefile&quot;  VERBOSE=1 &quot;$file&quot;' />
					<Clean command='/usr/bin/make -f &quot;/home/giuseppe/bin/P2.3_seed/exercises/lab05_last_year/step-6/Makefile&quot;  VERBOSE=1 clean' />
					<DistClean command='/usr/bin/make -f &quot;/home/giuseppe/bin/P2.3_seed/exercises/lab05_last_year/step-6/Makefile&quot;  VERBOSE=1 clean' />
					<AskRebuildNeeded command="$make -q -f $makefile $target" />
					<SilentBuild command="$make -f $makefile $target &gt; $(CMD_NULL)" />
				</MakeCommands>
			</Target>
			<Target title="step-6/fast">
				<Option output="/home/giuseppe/bin/P2.3_seed/exercises/lab05_last_year/step-6/step-6" prefix_auto="0" extension_auto="0" />
				<Option working_dir="/home/giuseppe/bin/P2.3_seed/exercises/lab05_last_year/step-6" />
				<Option object_output="./" />
				<Option type="1" />
				<Option compiler="gcc" />
				<Compiler>
					<Add option="-DBOOST_NO_AUTO_PTR" />
					<Add directory="/home/giuseppe/Scaricati/dealii-9.1.1/build/include" />
					<Add directory="/home/giuseppe/Scaricati/dealii-9.1.1/include" />
					<Add directory="/home/giuseppe/Scaricati/dealii-9.1.1/bundled/muparser_v2_2_4/include" />
					<Add directory="/usr/lib/x86_64-linux-gnu/openmpi/include/openmpi" />
					<Add directory="/usr/lib/x86_64-linux-gnu/openmpi/include" />
					<Add directory="/usr/include/trilinos" />
					<Add directory="/usr/include/hdf5/openmpi" />
					<Add directory="/usr/include/scotch" />
					<Add directory="/usr/include/suitesparse" />
					<Add directory="/usr/include/petsc" />
					<Add directory="/home/giuseppe/bin/p4est/FAST/include" />
					<Add directory="/usr/include/slepc" />
				</Compiler>
				<MakeCommands>
					<Build command='/usr/bin/make -f &quot;/home/giuseppe/bin/P2.3_seed/exercises/lab05_last_year/step-6/Makefile&quot;  VERBOSE=1 step-6/fast' />
					<CompileFile command='/usr/bin/make -f &quot;/home/giuseppe/bin/P2.3_seed/exercises/lab05_last_year/step-6/Makefile&quot;  VERBOSE=1 &quot;$file&quot;' />
					<Clean command='/usr/bin/make -f &quot;/home/giuseppe/bin/P2.3_seed/exercises/lab05_last_year/step-6/Makefile&quot;  VERBOSE=1 clean' />
					<DistClean command='/usr/bin/make -f &quot;/home/giuseppe/bin/P2.3_seed/exercises/lab05_last_year/step-6/Makefile&quot;  VERBOSE=1 clean' />
					<AskRebuildNeeded command="$make -q -f $makefile $target" />
					<SilentBuild command="$make -f $makefile $target &gt; $(CMD_NULL)" />
				</MakeCommands>
			</Target>
			<Target title="debug">
				<Option output="step-6" prefix_auto="0" extension_auto="0" />
				<Option working_dir="" />
				<Option object_output="/home/giuseppe/bin/P2.3_seed/exercises/lab05_last_year/step-6/.objs" />
				<Option type="1" />
				<Option compiler="gcc" />
				<Option use_console_runner="0" />
				<MakeCommands>
					<Build command='/usr/bin/make -f &quot;/home/giuseppe/bin/P2.3_seed/exercises/lab05_last_year/step-6/Makefile&quot;  VERBOSE=1 debug' />
					<CompileFile command='/usr/bin/make -f &quot;/home/giuseppe/bin/P2.3_seed/exercises/lab05_last_year/step-6/Makefile&quot;  VERBOSE=1 &quot;$file&quot;' />
					<Clean command='/usr/bin/make -f &quot;/home/giuseppe/bin/P2.3_seed/exercises/lab05_last_year/step-6/Makefile&quot;  VERBOSE=1 clean' />
					<DistClean command='/usr/bin/make -f &quot;/home/giuseppe/bin/P2.3_seed/exercises/lab05_last_year/step-6/Makefile&quot;  VERBOSE=1 clean' />
					<AskRebuildNeeded command="$make -q -f $makefile $target" />
					<SilentBuild command="$make -f $makefile $target &gt; $(CMD_NULL)" />
				</MakeCommands>
			</Target>
			<Target title="run">
				<Option output="step-6" prefix_auto="0" extension_auto="0" />
				<Option working_dir="" />
				<Option object_output="/home/giuseppe/bin/P2.3_seed/exercises/lab05_last_year/step-6/.objs" />
				<Option type="1" />
				<Option compiler="gcc" />
				<Option use_console_runner="0" />
				<MakeCommands>
					<Build command='/usr/bin/make -f &quot;/home/giuseppe/bin/P2.3_seed/exercises/lab05_last_year/step-6/Makefile&quot;  VERBOSE=1 run' />
					<CompileFile command='/usr/bin/make -f &quot;/home/giuseppe/bin/P2.3_seed/exercises/lab05_last_year/step-6/Makefile&quot;  VERBOSE=1 &quot;$file&quot;' />
					<Clean command='/usr/bin/make -f &quot;/home/giuseppe/bin/P2.3_seed/exercises/lab05_last_year/step-6/Makefile&quot;  VERBOSE=1 clean' />
					<DistClean command='/usr/bin/make -f &quot;/home/giuseppe/bin/P2.3_seed/exercises/lab05_last_year/step-6/Makefile&quot;  VERBOSE=1 clean' />
					<AskRebuildNeeded command="$make -q -f $makefile $target" />
					<SilentBuild command="$make -f $makefile $target &gt; $(CMD_NULL)" />
				</MakeCommands>
			</Target>
			<Target title="release">
				<Option output="step-6" prefix_auto="0" extension_auto="0" />
				<Option working_dir="" />
				<Option object_output="/home/giuseppe/bin/P2.3_seed/exercises/lab05_last_year/step-6/.objs" />
				<Option type="1" />
				<Option compiler="gcc" />
				<Option use_console_runner="0" />
				<MakeCommands>
					<Build command='/usr/bin/make -f &quot;/home/giuseppe/bin/P2.3_seed/exercises/lab05_last_year/step-6/Makefile&quot;  VERBOSE=1 release' />
					<CompileFile command='/usr/bin/make -f &quot;/home/giuseppe/bin/P2.3_seed/exercises/lab05_last_year/step-6/Makefile&quot;  VERBOSE=1 &quot;$file&quot;' />
					<Clean command='/usr/bin/make -f &quot;/home/giuseppe/bin/P2.3_seed/exercises/lab05_last_year/step-6/Makefile&quot;  VERBOSE=1 clean' />
					<DistClean command='/usr/bin/make -f &quot;/home/giuseppe/bin/P2.3_seed/exercises/lab05_last_year/step-6/Makefile&quot;  VERBOSE=1 clean' />
					<AskRebuildNeeded command="$make -q -f $makefile $target" />
					<SilentBuild command="$make -f $makefile $target &gt; $(CMD_NULL)" />
				</MakeCommands>
			</Target>
			<Target title="distclean">
				<Option output="step-6" prefix_auto="0" extension_auto="0" />
				<Option working_dir="" />
				<Option object_output="/home/giuseppe/bin/P2.3_seed/exercises/lab05_last_year/step-6/.objs" />
				<Option type="1" />
				<Option compiler="gcc" />
				<Option use_console_runner="0" />
				<MakeCommands>
					<Build command='/usr/bin/make -f &quot;/home/giuseppe/bin/P2.3_seed/exercises/lab05_last_year/step-6/Makefile&quot;  VERBOSE=1 distclean' />
					<CompileFile command='/usr/bin/make -f &quot;/home/giuseppe/bin/P2.3_seed/exercises/lab05_last_year/step-6/Makefile&quot;  VERBOSE=1 &quot;$file&quot;' />
					<Clean command='/usr/bin/make -f &quot;/home/giuseppe/bin/P2.3_seed/exercises/lab05_last_year/step-6/Makefile&quot;  VERBOSE=1 clean' />
					<DistClean command='/usr/bin/make -f &quot;/home/giuseppe/bin/P2.3_seed/exercises/lab05_last_year/step-6/Makefile&quot;  VERBOSE=1 clean' />
					<AskRebuildNeeded command="$make -q -f $makefile $target" />
					<SilentBuild command="$make -f $makefile $target &gt; $(CMD_NULL)" />
				</MakeCommands>
			</Target>
			<Target title="runclean">
				<Option output="step-6" prefix_auto="0" extension_auto="0" />
				<Option working_dir="" />
				<Option object_output="/home/giuseppe/bin/P2.3_seed/exercises/lab05_last_year/step-6/.objs" />
				<Option type="1" />
				<Option compiler="gcc" />
				<Option use_console_runner="0" />
				<MakeCommands>
					<Build command='/usr/bin/make -f &quot;/home/giuseppe/bin/P2.3_seed/exercises/lab05_last_year/step-6/Makefile&quot;  VERBOSE=1 runclean' />
					<CompileFile command='/usr/bin/make -f &quot;/home/giuseppe/bin/P2.3_seed/exercises/lab05_last_year/step-6/Makefile&quot;  VERBOSE=1 &quot;$file&quot;' />
					<Clean command='/usr/bin/make -f &quot;/home/giuseppe/bin/P2.3_seed/exercises/lab05_last_year/step-6/Makefile&quot;  VERBOSE=1 clean' />
					<DistClean command='/usr/bin/make -f &quot;/home/giuseppe/bin/P2.3_seed/exercises/lab05_last_year/step-6/Makefile&quot;  VERBOSE=1 clean' />
					<AskRebuildNeeded command="$make -q -f $makefile $target" />
					<SilentBuild command="$make -f $makefile $target &gt; $(CMD_NULL)" />
				</MakeCommands>
			</Target>
		</Build>
		<Unit filename="../../../../../Scaricati/dealii-9.1.1/build/lib/cmake/deal.II/deal.IIConfig.cmake">
			<Option virtualFolder="CMake Files/../../../../../Scaricati/dealii-9.1.1/build/lib/cmake/deal.II/" />
		</Unit>
		<Unit filename="../../../../../Scaricati/dealii-9.1.1/build/lib/cmake/deal.II/deal.IIConfigVersion.cmake">
			<Option virtualFolder="CMake Files/../../../../../Scaricati/dealii-9.1.1/build/lib/cmake/deal.II/" />
		</Unit>
		<Unit filename="../../../../../Scaricati/dealii-9.1.1/build/lib/cmake/deal.II/deal.IITargets.cmake">
			<Option virtualFolder="CMake Files/../../../../../Scaricati/dealii-9.1.1/build/lib/cmake/deal.II/" />
		</Unit>
		<Unit filename="../../../../../Scaricati/dealii-9.1.1/build/share/deal.II/macros/macro_deal_ii_add_test.cmake">
			<Option virtualFolder="CMake Files/../../../../../Scaricati/dealii-9.1.1/build/share/deal.II/macros/" />
		</Unit>
		<Unit filename="../../../../../Scaricati/dealii-9.1.1/build/share/deal.II/macros/macro_deal_ii_initialize_cached_variables.cmake">
			<Option virtualFolder="CMake Files/../../../../../Scaricati/dealii-9.1.1/build/share/deal.II/macros/" />
		</Unit>
		<Unit filename="../../../../../Scaricati/dealii-9.1.1/build/share/deal.II/macros/macro_deal_ii_invoke_autopilot.cmake">
			<Option virtualFolder="CMake Files/../../../../../Scaricati/dealii-9.1.1/build/share/deal.II/macros/" />
		</Unit>
		<Unit filename="../../../../../Scaricati/dealii-9.1.1/build/share/deal.II/macros/macro_deal_ii_pickup_tests.cmake">
			<Option virtualFolder="CMake Files/../../../../../Scaricati/dealii-9.1.1/build/share/deal.II/macros/" />
		</Unit>
		<Unit filename="../../../../../Scaricati/dealii-9.1.1/build/share/deal.II/macros/macro_deal_ii_query_git_information.cmake">
			<Option virtualFolder="CMake Files/../../../../../Scaricati/dealii-9.1.1/build/share/deal.II/macros/" />
		</Unit>
		<Unit filename="../../../../../Scaricati/dealii-9.1.1/build/share/deal.II/macros/macro_deal_ii_setup_target.cmake">
			<Option virtualFolder="CMake Files/../../../../../Scaricati/dealii-9.1.1/build/share/deal.II/macros/" />
		</Unit>
		<Unit filename="CMakeLists.txt">
			<Option virtualFolder="CMake Files/" />
		</Unit>
		<Unit filename="step-6.cc">
			<Option target="step-6" />
		</Unit>
		<Extensions>
			<code_completion />
			<debugger />
		</Extensions>
	</Project>
</CodeBlocks_project_file>
